
Microsoft Visual Studio Solution File, Format Version 11.00
# Visual Studio 2010
Project("{FAE04EC0-301F-11D3-BF4B-00C04F79EFBC}") = "Supply and Demand", "Supply and Demand\Supply and Demand.csproj", "{2998EAAF-B499-4A32-B1CE-676839A97758}"
EndProject
Global
	GlobalSection(SolutionConfigurationPlatforms) = preSolution
		Debug|Any CPU = Debug|Any CPU
		Release|Any CPU = Release|Any CPU
	EndGlobalSection
	GlobalSection(ProjectConfigurationPlatforms) = postSolution
		{2998EAAF-B499-4A32-B1CE-676839A97758}.Debug|Any CPU.ActiveCfg = Debug|Any CPU
		{2998EAAF-B499-4A32-B1CE-676839A97758}.Debug|Any CPU.Build.0 = Debug|Any CPU
		{2998EAAF-B499-4A32-B1CE-676839A97758}.Release|Any CPU.ActiveCfg = Release|Any CPU
		{2998EAAF-B499-4A32-B1CE-676839A97758}.Release|Any CPU.Build.0 = Release|Any CPU
	EndGlobalSection
	GlobalSection(SolutionProperties) = preSolution
		HideSolutionNode = FALSE
	EndGlobalSection
EndGlobal
